{
    "_readme": [
        "This file locks the dependencies of your project to a known state",
        "Read more about it at http://getcomposer.org/doc/01-basic-usage.md#composer-lock-the-lock-file",
        "This file is @generated automatically"
    ],
    "hash": "746858cd84138daf38a705daba1a9c2a",
    "packages": [
        {
            "name": "react/promise",
            "version": "dev-master",
            "source": {
                "type": "git",
                "url": "https://github.com/reactphp/promise.git",
                "reference": "519ea05aed79c46e476239338d19a0f258a43e3d"
            },
            "dist": {
                "type": "zip",
                "url": "https://api.github.com/repos/reactphp/promise/zipball/519ea05aed79c46e476239338d19a0f258a43e3d",
                "reference": "519ea05aed79c46e476239338d19a0f258a43e3d",
                "shasum": ""
            },
            "require": {
                "php": ">=5.4.0"
            },
            "require-dev": {
                "phpunit/phpunit": "3.7.*"
            },
            "type": "library",
            "extra": {
                "branch-alias": {
                    "dev-master": "2.0-dev"
                }
            },
            "autoload": {
                "psr-4": {
                    "React\\Promise\\": "src/"
                },
                "files": [
                    "src/functions.php"
                ]
            },
            "notification-url": "https://packagist.org/downloads/",
            "license": [
                "MIT"
            ],
            "authors": [
                {
                    "name": "Jan Sorgalla",
                    "email": "jsorgalla@googlemail.com",
                    "homepage": "http://sorgalla.com",
                    "role": "maintainer"
                }
            ],
            "description": "A lightweight implementation of CommonJS Promises/A for PHP",
            "time": "2014-05-25 17:27:53"
        }
    ],
    "packages-dev": [

    ],
    "aliases": [
        {
            "alias": "2.0",
            "alias_normalized": "2.0.0.0",
            "version": "9999999-dev",
            "package": "react/promise"
        }
    ],
    "minimum-stability": "stable",
    "stability-flags": {
        "react/promise": 20
    },
    "platform": [

    ],
    "platform-dev": [

    ]
}
